// !$*UTF8*$!
{
	archiveVersion = 1;
	classes = {
	};
	objectVersion = 56;
	objects = {

/* Begin PBXBuildFile section */
		7783762A29B99CD600D2D6B1 /* AppDelegate.swift in Sources */ = {isa = PBXBuildFile; fileRef = 7783762929B99CD600D2D6B1 /* AppDelegate.swift */; };
		7783762C29B99CD600D2D6B1 /* SceneDelegate.swift in Sources */ = {isa = PBXBuildFile; fileRef = 7783762B29B99CD600D2D6B1 /* SceneDelegate.swift */; };
		7783762E29B99CD600D2D6B1 /* ViewController.swift in Sources */ = {isa = PBXBuildFile; fileRef = 7783762D29B99CD600D2D6B1 /* ViewController.swift */; };
		7783763129B99CD600D2D6B1 /* Main.storyboard in Resources */ = {isa = PBXBuildFile; fileRef = 7783762F29B99CD600D2D6B1 /* Main.storyboard */; };
		7783763329B99CD800D2D6B1 /* Assets.xcassets in Resources */ = {isa = PBXBuildFile; fileRef = 7783763229B99CD800D2D6B1 /* Assets.xcassets */; };
		7783763629B99CD800D2D6B1 /* LaunchScreen.storyboard in Resources */ = {isa = PBXBuildFile; fileRef = 7783763429B99CD800D2D6B1 /* LaunchScreen.storyboard */; };
		7783764129B99CD800D2D6B1 /* video_playerTests.swift in Sources */ = {isa = PBXBuildFile; fileRef = 7783764029B99CD800D2D6B1 /* video_playerTests.swift */; };
		7783764B29B99CD800D2D6B1 /* video_playerUITests.swift in Sources */ = {isa = PBXBuildFile; fileRef = 7783764A29B99CD800D2D6B1 /* video_playerUITests.swift */; };
		7783764D29B99CD800D2D6B1 /* video_playerUITestsLaunchTests.swift in Sources */ = {isa = PBXBuildFile; fileRef = 7783764C29B99CD800D2D6B1 /* video_playerUITestsLaunchTests.swift */; };
		77946EDB29BCDABA00326710 /* test.mp4 in Resources */ = {isa = PBXBuildFile; fileRef = 77946EDA29BCDAB900326710 /* test.mp4 */; };
/* End PBXBuildFile section */

/* Begin PBXContainerItemProxy section */
		7783763D29B99CD800D2D6B1 /* PBXContainerItemProxy */ = {
			isa = PBXContainerItemProxy;
			containerPortal = 7783761E29B99CD600D2D6B1 /* Project object */;
			proxyType = 1;
			remoteGlobalIDString = 7783762529B99CD600D2D6B1;
			remoteInfo = video_player;
		};
		7783764729B99CD800D2D6B1 /* PBXContainerItemProxy */ = {
			isa = PBXContainerItemProxy;
			containerPortal = 7783761E29B99CD600D2D6B1 /* Project object */;
			proxyType = 1;
			remoteGlobalIDString = 7783762529B99CD600D2D6B1;
			remoteInfo = video_player;
		};
/* End PBXContainerItemProxy section */

/* Begin PBXFileReference section */
		7783762629B99CD600D2D6B1 /* video_player.app */ = {isa = PBXFileReference; explicitFileType = wrapper.application; includeInIndex = 0; path = video_player.app; sourceTree = BUILT_PRODUCTS_DIR; };
		7783762929B99CD600D2D6B1 /* AppDelegate.swift */ = {isa = PBXFileReference; lastKnownFileType = sourcecode.swift; path = AppDelegate.swift; sourceTree = "<group>"; };
		7783762B29B99CD600D2D6B1 /* SceneDelegate.swift */ = {isa = PBXFileReference; lastKnownFileType = sourcecode.swift; path = SceneDelegate.swift; sourceTree = "<group>"; };
		7783762D29B99CD600D2D6B1 /* ViewController.swift */ = {isa = PBXFileReference; lastKnownFileType = sourcecode.swift; path = ViewController.swift; sourceTree = "<group>"; };
		7783763029B99CD600D2D6B1 /* Base */ = {isa = PBXFileReference; lastKnownFileType = file.storyboard; name = Base; path = Base.lproj/Main.storyboard; sourceTree = "<group>"; };
		7783763229B99CD800D2D6B1 /* Assets.xcassets */ = {isa = PBXFileReference; lastKnownFileType = folder.assetcatalog; path = Assets.xcassets; sourceTree = "<group>"; };
		7783763529B99CD800D2D6B1 /* Base */ = {isa = PBXFileReference; lastKnownFileType = file.storyboard; name = Base; path = Base.lproj/LaunchScreen.storyboard; sourceTree = "<group>"; };
		7783763729B99CD800D2D6B1 /* Info.plist */ = {isa = PBXFileReference; lastKnownFileType = text.plist.xml; path = Info.plist; sourceTree = "<group>"; };
		7783763C29B99CD800D2D6B1 /* video_playerTests.xctest */ = {isa = PBXFileReference; explicitFileType = wrapper.cfbundle; includeInIndex = 0; path = video_playerTests.xctest; sourceTree = BUILT_PRODUCTS_DIR; };
		7783764029B99CD800D2D6B1 /* video_playerTests.swift */ = {isa = PBXFileReference; lastKnownFileType = sourcecode.swift; path = video_playerTests.swift; sourceTree = "<group>"; };
		7783764629B99CD800D2D6B1 /* video_playerUITests.xctest */ = {isa = PBXFileReference; explicitFileType = wrapper.cfbundle; includeInIndex = 0; path = video_playerUITests.xctest; sourceTree = BUILT_PRODUCTS_DIR; };
		7783764A29B99CD800D2D6B1 /* video_playerUITests.swift */ = {isa = PBXFileReference; lastKnownFileType = sourcecode.swift; path = video_playerUITests.swift; sourceTree = "<group>"; };
		7783764C29B99CD800D2D6B1 /* video_playerUITestsLaunchTests.swift */ = {isa = PBXFileReference; lastKnownFileType = sourcecode.swift; path = video_playerUITestsLaunchTests.swift; sourceTree = "<group>"; };
		77946EDA29BCDAB900326710 /* test.mp4 */ = {isa = PBXFileReference; lastKnownFileType = file; path = test.mp4; sourceTree = "<group>"; };
/* End PBXFileReference section */

/* Begin PBXFrameworksBuildPhase section */
		7783762329B99CD600D2D6B1 /* Frameworks */ = {
			isa = PBXFrameworksBuildPhase;
			buildActionMask = 2147483647;
			files = (
			);
			runOnlyForDeploymentPostprocessing = 0;
		};
		7783763929B99CD800D2D6B1 /* Frameworks */ = {
			isa = PBXFrameworksBuildPhase;
			buildActionMask = 2147483647;
			files = (
			);
			runOnlyForDeploymentPostprocessing = 0;
		};
		7783764329B99CD800D2D6B1 /* Frameworks */ = {
			isa = PBXFrameworksBuildPhase;
			buildActionMask = 2147483647;
			files = (
			);
			runOnlyForDeploymentPostprocessing = 0;
		};
/* End PBXFrameworksBuildPhase section */

/* Begin PBXGroup section */
		7783761D29B99CD600D2D6B1 = {
			isa = PBXGroup;
			children = (
				7783762829B99CD600D2D6B1 /* video_player */,
				7783763F29B99CD800D2D6B1 /* video_playerTests */,
				7783764929B99CD800D2D6B1 /* video_playerUITests */,
				7783762729B99CD600D2D6B1 /* Products */,
			);
			sourceTree = "<group>";
		};
		7783762729B99CD600D2D6B1 /* Products */ = {
			isa = PBXGroup;
			children = (
				7783762629B99CD600D2D6B1 /* video_player.app */,
				7783763C29B99CD800D2D6B1 /* video_playerTests.xctest */,
				7783764629B99CD800D2D6B1 /* video_playerUITests.xctest */,
			);
			name = Products;
			sourceTree = "<group>";
		};
		7783762829B99CD600D2D6B1 /* video_player */ = {
			isa = PBXGroup;
			children = (
				7783762929B99CD600D2D6B1 /* AppDelegate.swift */,
				7783762B29B99CD600D2D6B1 /* SceneDelegate.swift */,
				7783762D29B99CD600D2D6B1 /* ViewController.swift */,
				7783762F29B99CD600D2D6B1 /* Main.storyboard */,
				77946EDA29BCDAB900326710 /* test.mp4 */,
				7783763229B99CD800D2D6B1 /* Assets.xcassets */,
				7783763429B99CD800D2D6B1 /* LaunchScreen.storyboard */,
				7783763729B99CD800D2D6B1 /* Info.plist */,
			);
			path = video_player;
			sourceTree = "<group>";
		};
		7783763F29B99CD800D2D6B1 /* video_playerTests */ = {
			isa = PBXGroup;
			children = (
				7783764029B99CD800D2D6B1 /* video_playerTests.swift */,
			);
			path = video_playerTests;
			sourceTree = "<group>";
		};
		7783764929B99CD800D2D6B1 /* video_playerUITests */ = {
			isa = PBXGroup;
			children = (
				7783764A29B99CD800D2D6B1 /* video_playerUITests.swift */,
				7783764C29B99CD800D2D6B1 /* video_playerUITestsLaunchTests.swift */,
			);
			path = video_playerUITests;
			sourceTree = "<group>";
		};
/* End PBXGroup section */

/* Begin PBXNativeTarget section */
		7783762529B99CD600D2D6B1 /* video_player */ = {
			isa = PBXNativeTarget;
			buildConfigurationList = 7783765029B99CD800D2D6B1 /* Build configuration list for PBXNativeTarget "video_player" */;
			buildPhases = (
				7783762229B99CD600D2D6B1 /* Sources */,
				7783762329B99CD600D2D6B1 /* Frameworks */,
				7783762429B99CD600D2D6B1 /* Resources */,
			);
			buildRules = (
			);
			dependencies = (
			);
			name = video_player;
			productName = video_player;
			productReference = 7783762629B99CD600D2D6B1 /* video_player.app */;
			productType = "com.apple.product-type.application";
		};
		7783763B29B99CD800D2D6B1 /* video_playerTests */ = {
			isa = PBXNativeTarget;
			buildConfigurationList = 7783765329B99CD800D2D6B1 /* Build configuration list for PBXNativeTarget "video_playerTests" */;
			buildPhases = (
				7783763829B99CD800D2D6B1 /* Sources */,
				7783763929B99CD800D2D6B1 /* Frameworks */,
				7783763A29B99CD800D2D6B1 /* Resources */,
			);
			buildRules = (
			);
			dependencies = (
				7783763E29B99CD800D2D6B1 /* PBXTargetDependency */,
			);
			name = video_playerTests;
			productName = video_playerTests;
			productReference = 7783763C29B99CD800D2D6B1 /* video_playerTests.xctest */;
			productType = "com.apple.product-type.bundle.unit-test";
		};
		7783764529B99CD800D2D6B1 /* video_playerUITests */ = {
			isa = PBXNativeTarget;
			buildConfigurationList = 7783765629B99CD800D2D6B1 /* Build configuration list for PBXNativeTarget "video_playerUITests" */;
			buildPhases = (
				7783764229B99CD800D2D6B1 /* Sources */,
				7783764329B99CD800D2D6B1 /* Frameworks */,
				7783764429B99CD800D2D6B1 /* Resources */,
			);
			buildRules = (
			);
			dependencies = (
				7783764829B99CD800D2D6B1 /* PBXTargetDependency */,
			);
			name = video_playerUITests;
			productName = video_playerUITests;
			productReference = 7783764629B99CD800D2D6B1 /* video_playerUITests.xctest */;
			productType = "com.apple.product-type.bundle.ui-testing";
		};
/* End PBXNativeTarget section */

/* Begin PBXProject section */
		7783761E29B99CD600D2D6B1 /* Project object */ = {
			isa = PBXProject;
			attributes = {
				BuildIndependentTargetsInParallel = 1;
				LastSwiftUpdateCheck = 1410;
				LastUpgradeCheck = 1410;
				TargetAttributes = {
					7783762529B99CD600D2D6B1 = {
						CreatedOnToolsVersion = 14.1;
					};
					7783763B29B99CD800D2D6B1 = {
						CreatedOnToolsVersion = 14.1;
						TestTargetID = 7783762529B99CD600D2D6B1;
					};
					7783764529B99CD800D2D6B1 = {
						CreatedOnToolsVersion = 14.1;
						TestTargetID = 7783762529B99CD600D2D6B1;
					};
				};
			};
			buildConfigurationList = 7783762129B99CD600D2D6B1 /* Build configuration list for PBXProject "video_player" */;
			compatibilityVersion = "Xcode 14.0";
			developmentRegion = en;
			hasScannedForEncodings = 0;
			knownRegions = (
				en,
				Base,
			);
			mainGroup = 7783761D29B99CD600D2D6B1;
			productRefGroup = 7783762729B99CD600D2D6B1 /* Products */;
			projectDirPath = "";
			projectRoot = "";
			targets = (
				7783762529B99CD600D2D6B1 /* video_player */,
				7783763B29B99CD800D2D6B1 /* video_playerTests */,
				7783764529B99CD800D2D6B1 /* video_playerUITests */,
			);
		};
/* End PBXProject section */

/* Begin PBXResourcesBuildPhase section */
		7783762429B99CD600D2D6B1 /* Resources */ = {
			isa = PBXResourcesBuildPhase;
			buildActionMask = 2147483647;
			files = (
				7783763629B99CD800D2D6B1 /* LaunchScreen.storyboard in Resources */,
				7783763329B99CD800D2D6B1 /* Assets.xcassets in Resources */,
				7783763129B99CD600D2D6B1 /* Main.storyboard in Resources */,
				77946EDB29BCDABA00326710 /* test.mp4 in Resources */,
			);
			runOnlyForDeploymentPostprocessing = 0;
		};
		7783763A29B99CD800D2D6B1 /* Resources */ = {
			isa = PBXResourcesBuildPhase;
			buildActionMask = 2147483647;
			files = (
			);
			runOnlyForDeploymentPostprocessing = 0;
		};
		7783764429B99CD800D2D6B1 /* Resources */ = {
			isa = PBXResourcesBuildPhase;
			buildActionMask = 2147483647;
			files = (
			);
			runOnlyForDeploymentPostprocessing = 0;
		};
/* End PBXResourcesBuildPhase section */

/* Begin PBXSourcesBuildPhase section */
		7783762229B99CD600D2D6B1 /* Sources */ = {
			isa = PBXSourcesBuildPhase;
			buildActionMask = 2147483647;
			files = (
				7783762E29B99CD600D2D6B1 /* ViewController.swift in Sources */,
				7783762A29B99CD600D2D6B1 /* AppDelegate.swift in Sources */,
				7783762C29B99CD600D2D6B1 /* SceneDelegate.swift in Sources */,
			);
			runOnlyForDeploymentPostprocessing = 0;
		};
		7783763829B99CD800D2D6B1 /* Sources */ = {
			isa = PBXSourcesBuildPhase;
			buildActionMask = 2147483647;
			files = (
				7783764129B99CD800D2D6B1 /* video_playerTests.swift in Sources */,
			);
			runOnlyForDeploymentPostprocessing = 0;
		};
		7783764229B99CD800D2D6B1 /* Sources */ = {
			isa = PBXSourcesBuildPhase;
			buildActionMask = 2147483647;
			files = (
				7783764B29B99CD800D2D6B1 /* video_playerUITests.swift in Sources */,
				7783764D29B99CD800D2D6B1 /* video_playerUITestsLaunchTests.swift in Sources */,
			);
			runOnlyForDeploymentPostprocessing = 0;
		};
/* End PBXSourcesBuildPhase section */

/* Begin PBXTargetDependency section */
		7783763E29B99CD800D2D6B1 /* PBXTargetDependency */ = {
			isa = PBXTargetDependency;
			target = 7783762529B99CD600D2D6B1 /* video_player */;
			targetProxy = 7783763D29B99CD800D2D6B1 /* PBXContainerItemProxy */;
		};
		7783764829B99CD800D2D6B1 /* PBXTargetDependency */ = {
			isa = PBXTargetDependency;
			target = 7783762529B99CD600D2D6B1 /* video_player */;
			targetProxy = 7783764729B99CD800D2D6B1 /* PBXContainerItemProxy */;
		};
/* End PBXTargetDependency section */

/* Begin PBXVariantGroup section */
		7783762F29B99CD600D2D6B1 /* Main.storyboard */ = {
			isa = PBXVariantGroup;
			children = (
				7783763029B99CD600D2D6B1 /* Base */,
			);
			name = Main.storyboard;
			sourceTree = "<group>";
		};
		7783763429B99CD800D2D6B1 /* LaunchScreen.storyboard */ = {
			isa = PBXVariantGroup;
			children = (
				7783763529B99CD800D2D6B1 /* Base */,
			);
			name = LaunchScreen.storyboard;
			sourceTree = "<group>";
		};
/* End PBXVariantGroup section */

/* Begin XCBuildConfiguration section */
		7783764E29B99CD800D2D6B1 /* Debug */ = {
			isa = XCBuildConfiguration;
			buildSettings = {
				ALWAYS_SEARCH_USER_PATHS = NO;
				CLANG_ANALYZER_NONNULL = YES;
				CLANG_ANALYZER_NUMBER_OBJECT_CONVERSION = YES_AGGRESSIVE;
				CLANG_CXX_LANGUAGE_STANDARD = "gnu++20";
				CLANG_ENABLE_MODULES = YES;
				CLANG_ENABLE_OBJC_ARC = YES;
				CLANG_ENABLE_OBJC_WEAK = YES;
				CLANG_WARN_BLOCK_CAPTURE_AUTORELEASING = YES;
				CLANG_WARN_BOOL_CONVERSION = YES;
				CLANG_WARN_COMMA = YES;
				CLANG_WARN_CONSTANT_CONVERSION = YES;
				CLANG_WARN_DEPRECATED_OBJC_IMPLEMENTATIONS = YES;
				CLANG_WARN_DIRECT_OBJC_ISA_USAGE = YES_ERROR;
				CLANG_WARN_DOCUMENTATION_COMMENTS = YES;
				CLANG_WARN_EMPTY_BODY = YES;
				CLANG_WARN_ENUM_CONVERSION = YES;
				CLANG_WARN_INFINITE_RECURSION = YES;
				CLANG_WARN_INT_CONVERSION = YES;
				CLANG_WARN_NON_LITERAL_NULL_CONVERSION = YES;
				CLANG_WARN_OBJC_IMPLICIT_RETAIN_SELF = YES;
				CLANG_WARN_OBJC_LITERAL_CONVERSION = YES;
				CLANG_WARN_OBJC_ROOT_CLASS = YES_ERROR;
				CLANG_WARN_QUOTED_INCLUDE_IN_FRAMEWORK_HEADER = YES;
				CLANG_WARN_RANGE_LOOP_ANALYSIS = YES;
				CLANG_WARN_STRICT_PROTOTYPES = YES;
				CLANG_WARN_SUSPICIOUS_MOVE = YES;
				CLANG_WARN_UNGUARDED_AVAILABILITY = YES_AGGRESSIVE;
				CLANG_WARN_UNREACHABLE_CODE = YES;
				CLANG_WARN__DUPLICATE_METHOD_MATCH = YES;
				COPY_PHASE_STRIP = NO;
				DEBUG_INFORMATION_FORMAT = dwarf;
				ENABLE_STRICT_OBJC_MSGSEND = YES;
				ENABLE_TESTABILITY = YES;
				GCC_C_LANGUAGE_STANDARD = gnu11;
				GCC_DYNAMIC_NO_PIC = NO;
				GCC_NO_COMMON_BLOCKS = YES;
				GCC_OPTIMIZATION_LEVEL = 0;
				GCC_PREPROCESSOR_DEFINITIONS = (
					"DEBUG=1",
					"$(inherited)",
				);
				GCC_WARN_64_TO_32_BIT_CONVERSION = YES;
				GCC_WARN_ABOUT_RETURN_TYPE = YES_ERROR;
				GCC_WARN_UNDECLARED_SELECTOR = YES;
				GCC_WARN_UNINITIALIZED_AUTOS = YES_AGGRESSIVE;
				GCC_WARN_UNUSED_FUNCTION = YES;
				GCC_WARN_UNUSED_VARIABLE = YES;
				IPHONEOS_DEPLOYMENT_TARGET = 16.1;
				MTL_ENABLE_DEBUG_INFO = INCLUDE_SOURCE;
				MTL_FAST_MATH = YES;
				ONLY_ACTIVE_ARCH = YES;
				SDKROOT = iphoneos;
				SWIFT_ACTIVE_COMPILATION_CONDITIONS = DEBUG;
				SWIFT_OPTIMIZATION_LEVEL = "-Onone";
			};
			name = Debug;
		};
		7783764F29B99CD800D2D6B1 /* Release */ = {
			isa = XCBuildConfiguration;
			buildSettings = {
				ALWAYS_SEARCH_USER_PATHS = NO;
				CLANG_ANALYZER_NONNULL = YES;
				CLANG_ANALYZER_NUMBER_OBJECT_CONVERSION = YES_AGGRESSIVE;
				CLANG_CXX_LANGUAGE_STANDARD = "gnu++20";
				CLANG_ENABLE_MODULES = YES;
				CLANG_ENABLE_OBJC_ARC = YES;
				CLANG_ENABLE_OBJC_WEAK = YES;
				CLANG_WARN_BLOCK_CAPTURE_AUTORELEASING = YES;
				CLANG_WARN_BOOL_CONVERSION = YES;
				CLANG_WARN_COMMA = YES;
				CLANG_WARN_CONSTANT_CONVERSION = YES;
				CLANG_WARN_DEPRECATED_OBJC_IMPLEMENTATIONS = YES;
				CLANG_WARN_DIRECT_OBJC_ISA_USAGE = YES_ERROR;
				CLANG_WARN_DOCUMENTATION_COMMENTS = YES;
				CLANG_WARN_EMPTY_BODY = YES;
				CLANG_WARN_ENUM_CONVERSION = YES;
				CLANG_WARN_INFINITE_RECURSION = YES;
				CLANG_WARN_INT_CONVERSION = YES;
				CLANG_WARN_NON_LITERAL_NULL_CONVERSION = YES;
				CLANG_WARN_OBJC_IMPLICIT_RETAIN_SELF = YES;
				CLANG_WARN_OBJC_LITERAL_CONVERSION = YES;
				CLANG_WARN_OBJC_ROOT_CLASS = YES_ERROR;
				CLANG_WARN_QUOTED_INCLUDE_IN_FRAMEWORK_HEADER = YES;
				CLANG_WARN_RANGE_LOOP_ANALYSIS = YES;
				CLANG_WARN_STRICT_PROTOTYPES = YES;
				CLANG_WARN_SUSPICIOUS_MOVE = YES;
				CLANG_WARN_UNGUARDED_AVAILABILITY = YES_AGGRESSIVE;
				CLANG_WARN_UNREACHABLE_CODE = YES;
				CLANG_WARN__DUPLICATE_METHOD_MATCH = YES;
				COPY_PHASE_STRIP = NO;
				DEBUG_INFORMATION_FORMAT = "dwarf-with-dsym";
				ENABLE_NS_ASSERTIONS = NO;
				ENABLE_STRICT_OBJC_MSGSEND = YES;
				GCC_C_LANGUAGE_STANDARD = gnu11;
				GCC_NO_COMMON_BLOCKS = YES;
				GCC_WARN_64_TO_32_BIT_CONVERSION = YES;
				GCC_WARN_ABOUT_RETURN_TYPE = YES_ERROR;
				GCC_WARN_UNDECLARED_SELECTOR = YES;
				GCC_WARN_UNINITIALIZED_AUTOS = YES_AGGRESSIVE;
				GCC_WARN_UNUSED_FUNCTION = YES;
				GCC_WARN_UNUSED_VARIABLE = YES;
				IPHONEOS_DEPLOYMENT_TARGET = 16.1;
				MTL_ENABLE_DEBUG_INFO = NO;
				MTL_FAST_MATH = YES;
				SDKROOT = iphoneos;
				SWIFT_COMPILATION_MODE = wholemodule;
				SWIFT_OPTIMIZATION_LEVEL = "-O";
				VALIDATE_PRODUCT = YES;
			};
			name = Release;
		};
		7783765129B99CD800D2D6B1 /* Debug */ = {
			isa = XCBuildConfiguration;
			buildSettings = {
				ASSETCATALOG_COMPILER_APPICON_NAME = AppIcon;
				ASSETCATALOG_COMPILER_GLOBAL_ACCENT_COLOR_NAME = AccentColor;
				CODE_SIGN_STYLE = Automatic;
				CURRENT_PROJECT_VERSION = 1;
				GENERATE_INFOPLIST_FILE = YES;
				INFOPLIST_FILE = video_player/Info.plist;
				INFOPLIST_KEY_UIApplicationSupportsIndirectInputEvents = YES;
				INFOPLIST_KEY_UILaunchStoryboardName = LaunchScreen;
				INFOPLIST_KEY_UIMainStoryboardFile = Main;
				INFOPLIST_KEY_UISupportedInterfaceOrientations_iPad = "UIInterfaceOrientationPortrait UIInterfaceOrientationPortraitUpsideDown UIInterfaceOrientationLandscapeLeft UIInterfaceOrientationLandscapeRight";
				INFOPLIST_KEY_UISupportedInterfaceOrientations_iPhone = "UIInterfaceOrientationPortrait UIInterfaceOrientationLandscapeLeft UIInterfaceOrientationLandscapeRight";
				LD_RUNPATH_SEARCH_PATHS = (
					"$(inherited)",
					"@executable_path/Frameworks",
				);
				MARKETING_VERSION = 1.0;
				PRODUCT_BUNDLE_IDENTIFIER = "mx.vicc23.video-player";
				PRODUCT_NAME = "$(TARGET_NAME)";
				SWIFT_EMIT_LOC_STRINGS = YES;
				SWIFT_VERSION = 5.0;
				TARGETED_DEVICE_FAMILY = "1,2";
			};
			name = Debug;
		};
		7783765229B99CD800D2D6B1 /* Release */ = {
			isa = XCBuildConfiguration;
			buildSettings = {
				ASSETCATALOG_COMPILER_APPICON_NAME = AppIcon;
				ASSETCATALOG_COMPILER_GLOBAL_ACCENT_COLOR_NAME = AccentColor;
				CODE_SIGN_STYLE = Automatic;
				CURRENT_PROJECT_VERSION = 1;
				GENERATE_INFOPLIST_FILE = YES;
				INFOPLIST_FILE = video_player/Info.plist;
				INFOPLIST_KEY_UIApplicationSupportsIndirectInputEvents = YES;
				INFOPLIST_KEY_UILaunchStoryboardName = LaunchScreen;
				INFOPLIST_KEY_UIMainStoryboardFile = Main;
				INFOPLIST_KEY_UISupportedInterfaceOrientations_iPad = "UIInterfaceOrientationPortrait UIInterfaceOrientationPortraitUpsideDown UIInterfaceOrientationLandscapeLeft UIInterfaceOrientationLandscapeRight";
				INFOPLIST_KEY_UISupportedInterfaceOrientations_iPhone = "UIInterfaceOrientationPortrait UIInterfaceOrientationLandscapeLeft UIInterfaceOrientationLandscapeRight";
				LD_RUNPATH_SEARCH_PATHS = (
					"$(inherited)",
					"@executable_path/Frameworks",
				);
				MARKETING_VERSION = 1.0;
				PRODUCT_BUNDLE_IDENTIFIER = "mx.vicc23.video-player";
				PRODUCT_NAME = "$(TARGET_NAME)";
				SWIFT_EMIT_LOC_STRINGS = YES;
				SWIFT_VERSION = 5.0;
				TARGETED_DEVICE_FAMILY = "1,2";
			};
			name = Release;
		};
		7783765429B99CD800D2D6B1 /* Debug */ = {
			isa = XCBuildConfiguration;
			buildSettings = {
				ALWAYS_EMBED_SWIFT_STANDARD_LIBRARIES = YES;
				BUNDLE_LOADER = "$(TEST_HOST)";
				CODE_SIGN_STYLE = Automatic;
				CURRENT_PROJECT_VERSION = 1;
				GENERATE_INFOPLIST_FILE = YES;
				IPHONEOS_DEPLOYMENT_TARGET = 16.1;
				MARKETING_VERSION = 1.0;
				PRODUCT_BUNDLE_IDENTIFIER = "mx.vicc23.video-playerTests";
				PRODUCT_NAME = "$(TARGET_NAME)";
				SWIFT_EMIT_LOC_STRINGS = NO;
				SWIFT_VERSION = 5.0;
				TARGETED_DEVICE_FAMILY = "1,2";
				TEST_HOST = "$(BUILT_PRODUCTS_DIR)/video_player.app/$(BUNDLE_EXECUTABLE_FOLDER_PATH)/video_player";
			};
			name = Debug;
		};
		7783765529B99CD800D2D6B1 /* Release */ = {
			isa = XCBuildConfiguration;
			buildSettings = {
				ALWAYS_EMBED_SWIFT_STANDARD_LIBRARIES = YES;
				BUNDLE_LOADER = "$(TEST_HOST)";
				CODE_SIGN_STYLE = Automatic;
				CURRENT_PROJECT_VERSION = 1;
				GENERATE_INFOPLIST_FILE = YES;
				IPHONEOS_DEPLOYMENT_TARGET = 16.1;
				MARKETING_VERSION = 1.0;
				PRODUCT_BUNDLE_IDENTIFIER = "mx.vicc23.video-playerTests";
				PRODUCT_NAME = "$(TARGET_NAME)";
				SWIFT_EMIT_LOC_STRINGS = NO;
				SWIFT_VERSION = 5.0;
				TARGETED_DEVICE_FAMILY = "1,2";
				TEST_HOST = "$(BUILT_PRODUCTS_DIR)/video_player.app/$(BUNDLE_EXECUTABLE_FOLDER_PATH)/video_player";
			};
			name = Release;
		};
		7783765729B99CD800D2D6B1 /* Debug */ = {
			isa = XCBuildConfiguration;
			buildSettings = {
				ALWAYS_EMBED_SWIFT_STANDARD_LIBRARIES = YES;
				CODE_SIGN_STYLE = Automatic;
				CURRENT_PROJECT_VERSION = 1;
				GENERATE_INFOPLIST_FILE = YES;
				MARKETING_VERSION = 1.0;
				PRODUCT_BUNDLE_IDENTIFIER = "mx.vicc23.video-playerUITests";
				PRODUCT_NAME = "$(TARGET_NAME)";
				SWIFT_EMIT_LOC_STRINGS = NO;
				SWIFT_VERSION = 5.0;
				TARGETED_DEVICE_FAMILY = "1,2";
				TEST_TARGET_NAME = video_player;
			};
			name = Debug;
		};
		7783765829B99CD800D2D6B1 /* Release */ = {
			isa = XCBuildConfiguration;
			buildSettings = {
				ALWAYS_EMBED_SWIFT_STANDARD_LIBRARIES = YES;
				CODE_SIGN_STYLE = Automatic;
				CURRENT_PROJECT_VERSION = 1;
				GENERATE_INFOPLIST_FILE = YES;
				MARKETING_VERSION = 1.0;
				PRODUCT_BUNDLE_IDENTIFIER = "mx.vicc23.video-playerUITests";
				PRODUCT_NAME = "$(TARGET_NAME)";
				SWIFT_EMIT_LOC_STRINGS = NO;
				SWIFT_VERSION = 5.0;
				TARGETED_DEVICE_FAMILY = "1,2";
				TEST_TARGET_NAME = video_player;
			};
			name = Release;
		};
/* End XCBuildConfiguration section */

/* Begin XCConfigurationList section */
		7783762129B99CD600D2D6B1 /* Build configuration list for PBXProject "video_player" */ = {
			isa = XCConfigurationList;
			buildConfigurations = (
				7783764E29B99CD800D2D6B1 /* Debug */,
				7783764F29B99CD800D2D6B1 /* Release */,
			);
			defaultConfigurationIsVisible = 0;
			defaultConfigurationName = Release;
		};
		7783765029B99CD800D2D6B1 /* Build configuration list for PBXNativeTarget "video_player" */ = {
			isa = XCConfigurationList;
			buildConfigurations = (
				7783765129B99CD800D2D6B1 /* Debug */,
				7783765229B99CD800D2D6B1 /* Release */,
			);
			defaultConfigurationIsVisible = 0;
			defaultConfigurationName = Release;
		};
		7783765329B99CD800D2D6B1 /* Build configuration list for PBXNativeTarget "video_playerTests" */ = {
			isa = XCConfigurationList;
			buildConfigurations = (
				7783765429B99CD800D2D6B1 /* Debug */,
				7783765529B99CD800D2D6B1 /* Release */,
			);
			defaultConfigurationIsVisible = 0;
			defaultConfigurationName = Release;
		};
		7783765629B99CD800D2D6B1 /* Build configuration list for PBXNativeTarget "video_playerUITests" */ = {
			isa = XCConfigurationList;
			buildConfigurations = (
				7783765729B99CD800D2D6B1 /* Debug */,
				7783765829B99CD800D2D6B1 /* Release */,
			);
			defaultConfigurationIsVisible = 0;
			defaultConfigurationName = Release;
		};
/* End XCConfigurationList section */
	};
	rootObject = 7783761E29B99CD600D2D6B1 /* Project object */;
}
